
Microsoft Visual Studio Solution File, Format Version 12.00
# Visual Studio 2012
Project("{FAE04EC0-301F-11D3-BF4B-00C04F79EFBC}") = "Warlord", "Warlord\Warlord.csproj", "{B325BC1B-3C7A-4428-8652-234A9C1AF8BB}"
EndProject
Global
	GlobalSection(SolutionConfigurationPlatforms) = preSolution
		Debug|Any CPU = Debug|Any CPU
		Release|Any CPU = Release|Any CPU
	EndGlobalSection
	GlobalSection(ProjectConfigurationPlatforms) = postSolution
		{B325BC1B-3C7A-4428-8652-234A9C1AF8BB}.Debug|Any CPU.ActiveCfg = Debug|Any CPU
		{B325BC1B-3C7A-4428-8652-234A9C1AF8BB}.Debug|Any CPU.Build.0 = Debug|Any CPU
		{B325BC1B-3C7A-4428-8652-234A9C1AF8BB}.Release|Any CPU.ActiveCfg = Release|Any CPU
		{B325BC1B-3C7A-4428-8652-234A9C1AF8BB}.Release|Any CPU.Build.0 = Release|Any CPU
	EndGlobalSection
EndGlobal
